{
  "name": "node-trace",
  "version": "0.1.0",
  "lockfileVersion": 3,
  "requires": true,
  "packages": {
    "": {
      "name": "node-trace",
      "version": "0.1.0",
      "license": "MIT",
      "dependencies": {
        "node-trace": "github:mohidk02/node-trace"
      }
    },
    "node_modules/node-trace": {
      "version": "0.1.0",
      "resolved": "git+ssh://git@github.com/mohidk02/node-trace.git#7a75207cdde63aa09f6f31d78807465224a0fce7",
      "license": "MIT"
    }
  }
}
